{
  "requires": true,
  "lockfileVersion": 1,
  "dependencies": {
    "core-js": {
      "version": "3.3.2",
      "resolved": "https://registry.npmjs.org/core-js/-/core-js-3.3.2.tgz",
      "integrity": "sha512-S1FfZpeBchkhyoY76YAdFzKS4zz9aOK7EeFaNA2aJlyXyA+sgqz6xdxmLPGXEAf0nF44MVN1kSjrA9Kt3ATDQg=="
    },
    "crypto-js": {
      "version": "3.1.9-1",
      "resolved": "https://registry.npmjs.org/crypto-js/-/crypto-js-3.1.9-1.tgz",
      "integrity": "sha1-/aGedh/Ad+Af+/3G6f38WeiAbNg="
    },
    "fingerprintjs2": {
      "version": "2.1.0",
      "resolved": "https://registry.npmjs.org/fingerprintjs2/-/fingerprintjs2-2.1.0.tgz",
      "integrity": "sha512-H1k/ESTD2rJ3liupyqWBPjZC+LKfCGixQzz/NDN4dkgbmG1bVFyMOh7luKSkVDoyfhgvRm62pviNMPI+eJTZcQ=="
    },
    "verify5-css": {
      "version": "2.0.1",
      "resolved": "https://registry.npmjs.org/verify5-css/-/verify5-css-2.0.1.tgz",
      "integrity": "sha512-5RulTs+5pQbX3rZgiIJyKsZyKQoAAZAq0Mt8QTk9jfD4zDpqfKvPxT+0Xdv+0Ms/mLfTvS7EWvhavcUbah+87w=="
    },
    "verify5-vue": {
      "version": "2.0.5",
      "resolved": "https://registry.npmjs.org/verify5-vue/-/verify5-vue-2.0.5.tgz",
      "integrity": "sha512-yDvS6EY3x7NIdVbW3DFAXeV6M3C9wMZvsqOgJKPkx5oQZpN+gDQZxo8ywOLJdp7X7HCFWC3KBIcjA0/ujK4PCw==",
      "requires": {
        "core-js": "3.3.2",
        "crypto-js": "3.1.9-1",
        "fingerprintjs2": "2.1.0",
        "verify5-css": "2.0.1",
        "vue": "2.6.10"
      }
    },
    "vue": {
      "version": "2.6.10",
      "resolved": "https://registry.npmjs.org/vue/-/vue-2.6.10.tgz",
      "integrity": "sha512-ImThpeNU9HbdZL3utgMCq0oiMzAkt1mcgy3/E6zWC/G6AaQoeuFdsl9nDhTDU3X1R6FK7nsIUuRACVcjI+A2GQ=="
    }
  }
}
